
Microsoft Visual Studio Solution File, Format Version 12.00
# Visual Studio Version 17
VisualStudioVersion = 17.2.32519.379
MinimumVisualStudioVersion = 10.0.40219.1
Project("{9A19103F-16F7-4668-BE54-9A1E7A4F7556}") = "PowerShellClient", "PowerShellExecution\PowerShellClient.csproj", "{78D96317-6640-4BD4-ABD2-5D6E3B1550F6}"
EndProject
Project("{FAE04EC0-301F-11D3-BF4B-00C04F79EFBC}") = "PowerShellExecution.Domain", "PowerShellRunner.Domain\PowerShellExecution.Domain.csproj", "{F8EF975B-5A56-49E8-900A-802DAE2C9CE3}"
EndProject
Global
	GlobalSection(SolutionConfigurationPlatforms) = preSolution
		Debug|Any CPU = Debug|Any CPU
		Release|Any CPU = Release|Any CPU
	EndGlobalSection
	GlobalSection(ProjectConfigurationPlatforms) = postSolution
		{78D96317-6640-4BD4-ABD2-5D6E3B1550F6}.Debug|Any CPU.ActiveCfg = Debug|Any CPU
		{78D96317-6640-4BD4-ABD2-5D6E3B1550F6}.Debug|Any CPU.Build.0 = Debug|Any CPU
		{78D96317-6640-4BD4-ABD2-5D6E3B1550F6}.Release|Any CPU.ActiveCfg = Release|Any CPU
		{78D96317-6640-4BD4-ABD2-5D6E3B1550F6}.Release|Any CPU.Build.0 = Release|Any CPU
		{F8EF975B-5A56-49E8-900A-802DAE2C9CE3}.Debug|Any CPU.ActiveCfg = Debug|Any CPU
		{F8EF975B-5A56-49E8-900A-802DAE2C9CE3}.Debug|Any CPU.Build.0 = Debug|Any CPU
		{F8EF975B-5A56-49E8-900A-802DAE2C9CE3}.Release|Any CPU.ActiveCfg = Release|Any CPU
		{F8EF975B-5A56-49E8-900A-802DAE2C9CE3}.Release|Any CPU.Build.0 = Release|Any CPU
	EndGlobalSection
	GlobalSection(SolutionProperties) = preSolution
		HideSolutionNode = FALSE
	EndGlobalSection
	GlobalSection(ExtensibilityGlobals) = postSolution
		SolutionGuid = {BA31255F-1703-4E81-8BBD-F868CB424DCB}
	EndGlobalSection
EndGlobal
